// !$*UTF8*$!
{
	archiveVersion = 1;
	classes = {
	};
	objectVersion = 77;
	objects = {

/* Begin PBXBuildFile section */
		0305E1E02FB31D17004E9832 /* UserProfile.swift in Sources */ = {isa = PBXBuildFile; fileRef = 0305E1DF2FB31D17004E9832 /* UserProfile.swift */; };
		0305E1E22FB31D6D004E9832 /* ProfileService.swift in Sources */ = {isa = PBXBuildFile; fileRef = 0305E1E12FB31D6D004E9832 /* ProfileService.swift */; };
		0305E1E42FB31DCD004E9832 /* ProfileViewModel.swift in Sources */ = {isa = PBXBuildFile; fileRef = 0305E1E32FB31DCD004E9832 /* ProfileViewModel.swift */; };
		037F36242FB3DC0100545ACD /* CoverLetterView.swift in Sources */ = {isa = PBXBuildFile; fileRef = 037F36232FB3DC0100545ACD /* CoverLetterView.swift */; };
		039DEAA12FC105E8001AEF26 /* FirebaseCore in Frameworks */ = {isa = PBXBuildFile; productRef = 039DEAA02FC105E8001AEF26 /* FirebaseCore */; };
		039DEAA32FC10667001AEF26 /* AnalyticsService.swift in Sources */ = {isa = PBXBuildFile; fileRef = 039DEAA22FC10663001AEF26 /* AnalyticsService.swift */; };
		039DEAA52FC10705001AEF26 /* FirebaseAnalytics in Frameworks */ = {isa = PBXBuildFile; productRef = 039DEAA42FC10705001AEF26 /* FirebaseAnalytics */; };
		03A4BA222FAFF87C00158FCC /* Supabase in Frameworks */ = {isa = PBXBuildFile; productRef = 03A4BA212FAFF87C00158FCC /* Supabase */; };
		03A4BA3E2FB07D8C00158FCC /* MatchFlowApp.swift in Sources */ = {isa = PBXBuildFile; fileRef = 03A4BA362FB07D8C00158FCC /* MatchFlowApp.swift */; };
		03A4BA3F2FB07D8C00158FCC /* SupabaseConfig.swift in Sources */ = {isa = PBXBuildFile; fileRef = 03A4BA372FB07D8C00158FCC /* SupabaseConfig.swift */; };
		03A4BA412FB07D8C00158FCC /* AuthViewModel.swift in Sources */ = {isa = PBXBuildFile; fileRef = 03A4BA3B2FB07D8C00158FCC /* AuthViewModel.swift */; };
		03A4BA432FB07D8C00158FCC /* Assets.xcassets in Resources */ = {isa = PBXBuildFile; fileRef = 03A4BA392FB07D8C00158FCC /* Assets.xcassets */; };
		03A4BA4E2FB07EC200158FCC /* Job.swift in Sources */ = {isa = PBXBuildFile; fileRef = 03A4BA4D2FB07EC200158FCC /* Job.swift */; };
		03A4BA502FB07EE700158FCC /* Resume.swift in Sources */ = {isa = PBXBuildFile; fileRef = 03A4BA4F2FB07EE700158FCC /* Resume.swift */; };
		03A4BA522FB07F5F00158FCC /* JobService.swift in Sources */ = {isa = PBXBuildFile; fileRef = 03A4BA512FB07F5F00158FCC /* JobService.swift */; };
		03A4BA542FB07F8D00158FCC /* ResumeService.swift in Sources */ = {isa = PBXBuildFile; fileRef = 03A4BA532FB07F8D00158FCC /* ResumeService.swift */; };
		03A4BA562FB089AC00158FCC /* AIService.swift in Sources */ = {isa = PBXBuildFile; fileRef = 03A4BA552FB089AC00158FCC /* AIService.swift */; };
		03A4BA582FB08AFB00158FCC /* Secrets.swift in Sources */ = {isa = PBXBuildFile; fileRef = 03A4BA572FB08AFB00158FCC /* Secrets.swift */; };
		03A4BA672FB08DBB00158FCC /* MatchFlowShare.appex in Embed Foundation Extensions */ = {isa = PBXBuildFile; fileRef = 03A4BA5D2FB08DBB00158FCC /* MatchFlowShare.appex */; settings = {ATTRIBUTES = (RemoveHeadersOnCopy, ); }; };
		03A4BA702FB0905400158FCC /* JobsViewModel.swift in Sources */ = {isa = PBXBuildFile; fileRef = 03A4BA6F2FB0905400158FCC /* JobsViewModel.swift */; };
		03A4BA722FB090A900158FCC /* JobsView.swift in Sources */ = {isa = PBXBuildFile; fileRef = 03A4BA712FB090A900158FCC /* JobsView.swift */; };
		03A4BA742FB0937500158FCC /* ResumeViewModel.swift in Sources */ = {isa = PBXBuildFile; fileRef = 03A4BA732FB0937500158FCC /* ResumeViewModel.swift */; };
		03A4BA762FB093DD00158FCC /* ResumeView.swift in Sources */ = {isa = PBXBuildFile; fileRef = 03A4BA752FB093DD00158FCC /* ResumeView.swift */; };
		03A4BA782FB0951800158FCC /* MainTabView.swift in Sources */ = {isa = PBXBuildFile; fileRef = 03A4BA772FB0951800158FCC /* MainTabView.swift */; };
		03A4BA7A2FB0AC6100158FCC /* JobDetailViewModel.swift in Sources */ = {isa = PBXBuildFile; fileRef = 03A4BA792FB0AC6100158FCC /* JobDetailViewModel.swift */; };
		03A4BA7C2FB0AC7C00158FCC /* JobDetailView.swift in Sources */ = {isa = PBXBuildFile; fileRef = 03A4BA7B2FB0AC7C00158FCC /* JobDetailView.swift */; };
		03A4BA8C2FB1013900158FCC /* TabSelectionViewModel.swift in Sources */ = {isa = PBXBuildFile; fileRef = 03A4BA8B2FB1013900158FCC /* TabSelectionViewModel.swift */; };
		03A4BA8E2FB1016A00158FCC /* DashboardViewModel.swift in Sources */ = {isa = PBXBuildFile; fileRef = 03A4BA8D2FB1016A00158FCC /* DashboardViewModel.swift */; };
		03ABG0012FC7000100545ACD /* AuthBackgroundView.swift in Sources */ = {isa = PBXBuildFile; fileRef = 03ABG0022FC7000100545ACD /* AuthBackgroundView.swift */; };
		03AEB0012FC8000100545ACD /* AuthErrorBanner.swift in Sources */ = {isa = PBXBuildFile; fileRef = 03AEB0022FC8000100545ACD /* AuthErrorBanner.swift */; };
		03AFV0012FC8000100545ACD /* AuthFlowView.swift in Sources */ = {isa = PBXBuildFile; fileRef = 03AFV0022FC8000100545ACD /* AuthFlowView.swift */; };
		03AHV0012FC8000100545ACD /* AuthHeaderView.swift in Sources */ = {isa = PBXBuildFile; fileRef = 03AHV0022FC8000100545ACD /* AuthHeaderView.swift */; };
		03AJV0012FC3000100545ACD /* AddJobView.swift in Sources */ = {isa = PBXBuildFile; fileRef = 03AJV0022FC3000100545ACD /* AddJobView.swift */; };
		03AJL0012FC3000100545ACD /* AddJobLayout.swift in Sources */ = {isa = PBXBuildFile; fileRef = 03AJL0022FC3000100545ACD /* AddJobLayout.swift */; };
		03ARV0012FC3000100545ACD /* AddResumeView.swift in Sources */ = {isa = PBXBuildFile; fileRef = 03ARV0022FC3000100545ACD /* AddResumeView.swift */; };
		03AUTH0012FC3000100545ACD /* AuthService.swift in Sources */ = {isa = PBXBuildFile; fileRef = 03AUTH0022FC3000100545ACD /* AuthService.swift */; };
		03AVT0012FC3000100545ACD /* AuthViewModelTests.swift in Sources */ = {isa = PBXBuildFile; fileRef = 03AVT0022FC3000100545ACD /* AuthViewModelTests.swift */; };
		03BEA14B2FB9129F000D36C9 /* MainInterface.storyboard in Resources */ = {isa = PBXBuildFile; fileRef = 03BEA1462FB9129F000D36C9 /* MainInterface.storyboard */; };
		03BEA14C2FB9129F000D36C9 /* ShareViewController.swift in Sources */ = {isa = PBXBuildFile; fileRef = 03BEA1482FB9129F000D36C9 /* ShareViewController.swift */; };
		03BEA1552FB912A9000D36C9 /* JobMatchTests.swift in Sources */ = {isa = PBXBuildFile; fileRef = 03BEA1532FB912A9000D36C9 /* JobMatchTests.swift */; };
		03BEA1572FB9310C000D36C9 /* MockJobService.swift in Sources */ = {isa = PBXBuildFile; fileRef = 03BEA1562FB9310C000D36C9 /* MockJobService.swift */; };
		03BEA1592FB9319F000D36C9 /* Job+Mock.swift in Sources */ = {isa = PBXBuildFile; fileRef = 03BEA1582FB9319F000D36C9 /* Job+Mock.swift */; };
		03BEA15B2FBA29DE000D36C9 /* DashboardViewModelTests.swift in Sources */ = {isa = PBXBuildFile; fileRef = 03BEA15A2FBA29D9000D36C9 /* DashboardViewModelTests.swift */; };
		03BEA15D2FBA2B31000D36C9 /* AIServiceTests.swift in Sources */ = {isa = PBXBuildFile; fileRef = 03BEA15C2FBA2B2F000D36C9 /* AIServiceTests.swift */; };
		03BEA15F2FBA2C78000D36C9 /* JobsViewModelTests.swift in Sources */ = {isa = PBXBuildFile; fileRef = 03BEA15E2FBA2C74000D36C9 /* JobsViewModelTests.swift */; };
		03AJT0012FC3000100545ACD /* AddJobValidationTests.swift in Sources */ = {isa = PBXBuildFile; fileRef = 03AJT0022FC3000100545ACD /* AddJobValidationTests.swift */; };
		03BEA1612FBEF695000D36C9 /* GoogleService-Info.plist in Resources */ = {isa = PBXBuildFile; fileRef = 03BEA1602FBEF694000D36C9 /* GoogleService-Info.plist */; };
		03CLG0012FCA300100545ACD /* CompanyLogoView.swift in Sources */ = {isa = PBXBuildFile; fileRef = 03CLG0022FCA300100545ACD /* CompanyLogoView.swift */; };
		03CLT0012FCA300100545ACD /* CompanyLogoURLTests.swift in Sources */ = {isa = PBXBuildFile; fileRef = 03CLT0022FCA300100545ACD /* CompanyLogoURLTests.swift */; };
		03CLU0012FCA300100545ACD /* CompanyLogoURL.swift in Sources */ = {isa = PBXBuildFile; fileRef = 03CLU0022FCA300100545ACD /* CompanyLogoURL.swift */; };
		03DKT0012FCA000100545ACD /* View+DismissKeyboardOnTap.swift in Sources */ = {isa = PBXBuildFile; fileRef = 03DKT0022FCA000100545ACD /* View+DismissKeyboardOnTap.swift */; };
		03DSB0012FC9000100545ACD /* Button.swift in Sources */ = {isa = PBXBuildFile; fileRef = 03DSB0022FC9000100545ACD /* Button.swift */; };
		03DSBT0012FC9000100545ACD /* DSButton.swift in Sources */ = {isa = PBXBuildFile; fileRef = 03DSBT0022FC9000100545ACD /* DSButton.swift */; };
		03DSR0012FC4000100545ACD /* Radius.swift in Sources */ = {isa = PBXBuildFile; fileRef = 03DSR0022FC4000100545ACD /* Radius.swift */; };
		03DSS0012FC4000100545ACD /* Spacing.swift in Sources */ = {isa = PBXBuildFile; fileRef = 03DSS0022FC4000100545ACD /* Spacing.swift */; };
		03DSST0012FC4000100545ACD /* Stroke.swift in Sources */ = {isa = PBXBuildFile; fileRef = 03DSST0022FC4000100545ACD /* Stroke.swift */; };
		03DST0012FC4000100545ACD /* Typography.swift in Sources */ = {isa = PBXBuildFile; fileRef = 03DST0022FC4000100545ACD /* Typography.swift */; };
		03FL0012FC3000100545ACD /* FlowLayout.swift in Sources */ = {isa = PBXBuildFile; fileRef = 03FL0022FC3000100545ACD /* FlowLayout.swift */; };
		03FMS0012FC2000100545ACD /* MatchScoreStyle.swift in Sources */ = {isa = PBXBuildFile; fileRef = 03FMS0022FC2000100545ACD /* MatchScoreStyle.swift */; };
		03INA0012FCA400100545ACD /* InsightsAddJobCard.swift in Sources */ = {isa = PBXBuildFile; fileRef = 03INA0022FCA400100545ACD /* InsightsAddJobCard.swift */; };
		03INH0012FCA400100545ACD /* InsightsHeroView.swift in Sources */ = {isa = PBXBuildFile; fileRef = 03INH0022FCA400100545ACD /* InsightsHeroView.swift */; };
		03INL0012FCA400100545ACD /* InsightsHeroLayout.swift in Sources */ = {isa = PBXBuildFile; fileRef = 03INL0022FCA400100545ACD /* InsightsHeroLayout.swift */; };
		03INM0012FCA400100545ACD /* InsightsTopMatchesInsightBanner.swift in Sources */ = {isa = PBXBuildFile; fileRef = 03INM0022FCA400100545ACD /* InsightsTopMatchesInsightBanner.swift */; };
		03INP0012FCA400100545ACD /* InsightsProgressBadge.swift in Sources */ = {isa = PBXBuildFile; fileRef = 03INP0022FCA400100545ACD /* InsightsProgressBadge.swift */; };
		03INR0012FCA400100545ACD /* InsightsProgressSection.swift in Sources */ = {isa = PBXBuildFile; fileRef = 03INR0022FCA400100545ACD /* InsightsProgressSection.swift */; };
		03INS0012FCA400100545ACD /* InsightsMatchSkeletonRow.swift in Sources */ = {isa = PBXBuildFile; fileRef = 03INS0022FCA400100545ACD /* InsightsMatchSkeletonRow.swift */; };
		03INT0012FC6000100545ACD /* IntroView.swift in Sources */ = {isa = PBXBuildFile; fileRef = 03INT0022FC6000100545ACD /* IntroView.swift */; };
		03INT0012FCA400100545ACD /* InsightsTopMatchesSection.swift in Sources */ = {isa = PBXBuildFile; fileRef = 03INT0022FCA400100545ACD /* InsightsTopMatchesSection.swift */; };
		03INV0012FCA400100545ACD /* InsightsView.swift in Sources */ = {isa = PBXBuildFile; fileRef = 03INV0022FCA400100545ACD /* InsightsView.swift */; };
		03JAB0012FCA200100545ACD /* JobAboutRoleCardView.swift in Sources */ = {isa = PBXBuildFile; fileRef = 03JAB0022FCA200100545ACD /* JobAboutRoleCardView.swift */; };
		03JCL0012FCA200100545ACD /* JobCoverLetterCardView.swift in Sources */ = {isa = PBXBuildFile; fileRef = 03JCL0022FCA200100545ACD /* JobCoverLetterCardView.swift */; };
		03JDH0012FCA200100545ACD /* JobDetailHeaderView.swift in Sources */ = {isa = PBXBuildFile; fileRef = 03JDH0022FCA200100545ACD /* JobDetailHeaderView.swift */; };
		03JDV0012FC3000100545ACD /* JobDetailViewModelTests.swift in Sources */ = {isa = PBXBuildFile; fileRef = 03JDV0022FC3000100545ACD /* JobDetailViewModelTests.swift */; };
		03JES0012FCA100100545ACD /* JobsEmptyStateView.swift in Sources */ = {isa = PBXBuildFile; fileRef = 03JES0022FCA100100545ACD /* JobsEmptyStateView.swift */; };
		03JMC0012FCA200100545ACD /* JobMatchCardView.swift in Sources */ = {isa = PBXBuildFile; fileRef = 03JMC0022FCA200100545ACD /* JobMatchCardView.swift */; };
		03JRV0012FC3000100545ACD /* JobRowView.swift in Sources */ = {isa = PBXBuildFile; fileRef = 03JRV0022FC3000100545ACD /* JobRowView.swift */; };
		03JSS0012FC3000100545ACD /* JobStatusStyle.swift in Sources */ = {isa = PBXBuildFile; fileRef = 03JSS0022FC3000100545ACD /* JobStatusStyle.swift */; };
		03LGV0012FC7000100545ACD /* LoginView.swift in Sources */ = {isa = PBXBuildFile; fileRef = 03LGV0022FC7000100545ACD /* LoginView.swift */; };
		03MAI0012FCA200100545ACD /* MockAIService.swift in Sources */ = {isa = PBXBuildFile; fileRef = 03MAI0022FCA200100545ACD /* MockAIService.swift */; };
		03MAS0012FC3000100545ACD /* MockAuthService.swift in Sources */ = {isa = PBXBuildFile; fileRef = 03MAS0022FC3000100545ACD /* MockAuthService.swift */; };
		03MBD0012FC2000200545ACD /* MatchBreakdown.swift in Sources */ = {isa = PBXBuildFile; fileRef = 03MBD0022FC2000200545ACD /* MatchBreakdown.swift */; };
		03MBD0032FC2000200545ACD /* MatchBreakdownView.swift in Sources */ = {isa = PBXBuildFile; fileRef = 03MBD0042FC2000200545ACD /* MatchBreakdownView.swift */; };
		03MRS0012FCA200100545ACD /* MockResumeService.swift in Sources */ = {isa = PBXBuildFile; fileRef = 03MRS0022FCA200100545ACD /* MockResumeService.swift */; };
		03MSB0012FC3000100545ACD /* MatchScoreBadge.swift in Sources */ = {isa = PBXBuildFile; fileRef = 03MSB0022FC3000100545ACD /* MatchScoreBadge.swift */; };
		03MST0012FCA200100545ACD /* MatchScoreStyleTests.swift in Sources */ = {isa = PBXBuildFile; fileRef = 03MST0022FCA200100545ACD /* MatchScoreStyleTests.swift */; };
		03NEV0012FCA000100545ACD /* NotesEditorView.swift in Sources */ = {isa = PBXBuildFile; fileRef = 03NEV0022FCA000100545ACD /* NotesEditorView.swift */; };
		03PEV0012FCA100100545ACD /* ProfileEditView.swift in Sources */ = {isa = PBXBuildFile; fileRef = 03PEV0022FCA100100545ACD /* ProfileEditView.swift */; };
		03PHV0012FCA100100545ACD /* ProfileHeaderView.swift in Sources */ = {isa = PBXBuildFile; fileRef = 03PHV0022FCA100100545ACD /* ProfileHeaderView.swift */; };
		03PRC0012FCA100100545ACD /* ProfileResumeCardView.swift in Sources */ = {isa = PBXBuildFile; fileRef = 03PRC0022FCA100100545ACD /* ProfileResumeCardView.swift */; };
		03PRS0012FCA100100545ACD /* ProfileResumeSection.swift in Sources */ = {isa = PBXBuildFile; fileRef = 03PRS0022FCA100100545ACD /* ProfileResumeSection.swift */; };
		03PUH0012FCA100100545ACD /* ProfileUIHelpers.swift in Sources */ = {isa = PBXBuildFile; fileRef = 03PUH0022FCA100100545ACD /* ProfileUIHelpers.swift */; };
		03RPV0012FCA100100545ACD /* ResumePreviewView.swift in Sources */ = {isa = PBXBuildFile; fileRef = 03RPV0022FCA100100545ACD /* ResumePreviewView.swift */; };
		03RVM0012FCA200100545ACD /* ResumeViewModelTests.swift in Sources */ = {isa = PBXBuildFile; fileRef = 03RVM0022FCA200100545ACD /* ResumeViewModelTests.swift */; };
		03SB0012FC3000100545ACD /* StatusBadge.swift in Sources */ = {isa = PBXBuildFile; fileRef = 03SB0022FC3000100545ACD /* StatusBadge.swift */; };
		03SBG0012FC6000100545ACD /* SplashBackgroundView.swift in Sources */ = {isa = PBXBuildFile; fileRef = 03SBG0022FC6000100545ACD /* SplashBackgroundView.swift */; };
		03SGV0012FC8000100545ACD /* SignUpView.swift in Sources */ = {isa = PBXBuildFile; fileRef = 03SGV0022FC8000100545ACD /* SignUpView.swift */; };
		03SLG0012FCB000100545ACD /* SplashLogoView.swift in Sources */ = {isa = PBXBuildFile; fileRef = 03SLG0022FCB000100545ACD /* SplashLogoView.swift */; };
		03ST0012FC3000100545ACD /* SkillTag.swift in Sources */ = {isa = PBXBuildFile; fileRef = 03ST0022FC3000100545ACD /* SkillTag.swift */; };
		03UAC0012FCB000100545ACD /* UnauthenticatedContainer.swift in Sources */ = {isa = PBXBuildFile; fileRef = 03UAC0022FCB000100545ACD /* UnauthenticatedContainer.swift */; };
/* End PBXBuildFile section */

/* Begin PBXContainerItemProxy section */
		03A4BA652FB08DBB00158FCC /* PBXContainerItemProxy */ = {
			isa = PBXContainerItemProxy;
			containerPortal = 03A4B9FF2FAFF68900158FCC /* Project object */;
			proxyType = 1;
			remoteGlobalIDString = 03A4BA5C2FB08DBB00158FCC;
			remoteInfo = MatchFlowShare;
		};
		03BEA1392FB91253000D36C9 /* PBXContainerItemProxy */ = {
			isa = PBXContainerItemProxy;
			containerPortal = 03A4B9FF2FAFF68900158FCC /* Project object */;
			proxyType = 1;
			remoteGlobalIDString = 03A4BA062FAFF68900158FCC;
			remoteInfo = MatchFlow;
		};
/* End PBXContainerItemProxy section */

/* Begin PBXCopyFilesBuildPhase section */
		03A4BA6C2FB08DBB00158FCC /* Embed Foundation Extensions */ = {
			isa = PBXCopyFilesBuildPhase;
			buildActionMask = 2147483647;
			dstPath = "";
			dstSubfolderSpec = 13;
			files = (
				03A4BA672FB08DBB00158FCC /* MatchFlowShare.appex in Embed Foundation Extensions */,
			);
			name = "Embed Foundation Extensions";
			runOnlyForDeploymentPostprocessing = 0;
		};
/* End PBXCopyFilesBuildPhase section */

/* Begin PBXFileReference section */
		0305E1DF2FB31D17004E9832 /* UserProfile.swift */ = {isa = PBXFileReference; lastKnownFileType = sourcecode.swift; path = UserProfile.swift; sourceTree = "<group>"; };
		0305E1E12FB31D6D004E9832 /* ProfileService.swift */ = {isa = PBXFileReference; lastKnownFileType = sourcecode.swift; path = ProfileService.swift; sourceTree = "<group>"; };
		0305E1E32FB31DCD004E9832 /* ProfileViewModel.swift */ = {isa = PBXFileReference; lastKnownFileType = sourcecode.swift; path = ProfileViewModel.swift; sourceTree = "<group>"; };
		037F36232FB3DC0100545ACD /* CoverLetterView.swift */ = {isa = PBXFileReference; lastKnownFileType = sourcecode.swift; path = CoverLetterView.swift; sourceTree = "<group>"; };
		039DEAA22FC10663001AEF26 /* AnalyticsService.swift */ = {isa = PBXFileReference; lastKnownFileType = sourcecode.swift; path = AnalyticsService.swift; sourceTree = "<group>"; };
		039DEAA62FC2F668001AEF26 /* Info.plist */ = {isa = PBXFileReference; lastKnownFileType = text.plist; path = Info.plist; sourceTree = "<group>"; };
		03A4BA072FAFF68900158FCC /* MatchFlow.app */ = {isa = PBXFileReference; explicitFileType = wrapper.application; includeInIndex = 0; path = MatchFlow.app; sourceTree = BUILT_PRODUCTS_DIR; };
		03A4BA362FB07D8C00158FCC /* MatchFlowApp.swift */ = {isa = PBXFileReference; lastKnownFileType = sourcecode.swift; path = MatchFlowApp.swift; sourceTree = "<group>"; };
		03A4BA372FB07D8C00158FCC /* SupabaseConfig.swift */ = {isa = PBXFileReference; lastKnownFileType = sourcecode.swift; path = SupabaseConfig.swift; sourceTree = "<group>"; };
		03A4BA392FB07D8C00158FCC /* Assets.xcassets */ = {isa = PBXFileReference; lastKnownFileType = folder.assetcatalog; path = Assets.xcassets; sourceTree = "<group>"; };
		03A4BA3B2FB07D8C00158FCC /* AuthViewModel.swift */ = {isa = PBXFileReference; lastKnownFileType = sourcecode.swift; path = AuthViewModel.swift; sourceTree = "<group>"; };
		03A4BA4D2FB07EC200158FCC /* Job.swift */ = {isa = PBXFileReference; lastKnownFileType = sourcecode.swift; path = Job.swift; sourceTree = "<group>"; };
		03A4BA4F2FB07EE700158FCC /* Resume.swift */ = {isa = PBXFileReference; lastKnownFileType = sourcecode.swift; path = Resume.swift; sourceTree = "<group>"; };
		03A4BA512FB07F5F00158FCC /* JobService.swift */ = {isa = PBXFileReference; lastKnownFileType = sourcecode.swift; path = JobService.swift; sourceTree = "<group>"; };
		03A4BA532FB07F8D00158FCC /* ResumeService.swift */ = {isa = PBXFileReference; lastKnownFileType = sourcecode.swift; path = ResumeService.swift; sourceTree = "<group>"; };
		03A4BA552FB089AC00158FCC /* AIService.swift */ = {isa = PBXFileReference; lastKnownFileType = sourcecode.swift; path = AIService.swift; sourceTree = "<group>"; };
		03A4BA572FB08AFB00158FCC /* Secrets.swift */ = {isa = PBXFileReference; lastKnownFileType = sourcecode.swift; path = Secrets.swift; sourceTree = "<group>"; };
		03A4BA5D2FB08DBB00158FCC /* MatchFlowShare.appex */ = {isa = PBXFileReference; explicitFileType = "wrapper.app-extension"; includeInIndex = 0; path = MatchFlowShare.appex; sourceTree = BUILT_PRODUCTS_DIR; };
		03A4BA6D2FB08E7500158FCC /* MatchFlow.entitlements */ = {isa = PBXFileReference; lastKnownFileType = text.plist.entitlements; path = MatchFlow.entitlements; sourceTree = "<group>"; };
		03A4BA6F2FB0905400158FCC /* JobsViewModel.swift */ = {isa = PBXFileReference; lastKnownFileType = sourcecode.swift; path = JobsViewModel.swift; sourceTree = "<group>"; };
		03A4BA712FB090A900158FCC /* JobsView.swift */ = {isa = PBXFileReference; lastKnownFileType = sourcecode.swift; path = JobsView.swift; sourceTree = "<group>"; };
		03A4BA732FB0937500158FCC /* ResumeViewModel.swift */ = {isa = PBXFileReference; lastKnownFileType = sourcecode.swift; path = ResumeViewModel.swift; sourceTree = "<group>"; };
		03A4BA752FB093DD00158FCC /* ResumeView.swift */ = {isa = PBXFileReference; lastKnownFileType = sourcecode.swift; path = ResumeView.swift; sourceTree = "<group>"; };
		03A4BA772FB0951800158FCC /* MainTabView.swift */ = {isa = PBXFileReference; lastKnownFileType = sourcecode.swift; path = MainTabView.swift; sourceTree = "<group>"; };
		03A4BA792FB0AC6100158FCC /* JobDetailViewModel.swift */ = {isa = PBXFileReference; lastKnownFileType = sourcecode.swift; path = JobDetailViewModel.swift; sourceTree = "<group>"; };
		03A4BA7B2FB0AC7C00158FCC /* JobDetailView.swift */ = {isa = PBXFileReference; lastKnownFileType = sourcecode.swift; path = JobDetailView.swift; sourceTree = "<group>"; };
		03A4BA8B2FB1013900158FCC /* TabSelectionViewModel.swift */ = {isa = PBXFileReference; lastKnownFileType = sourcecode.swift; path = TabSelectionViewModel.swift; sourceTree = "<group>"; };
		03A4BA8D2FB1016A00158FCC /* DashboardViewModel.swift */ = {isa = PBXFileReference; lastKnownFileType = sourcecode.swift; path = DashboardViewModel.swift; sourceTree = "<group>"; };
		03ABG0022FC7000100545ACD /* AuthBackgroundView.swift */ = {isa = PBXFileReference; lastKnownFileType = sourcecode.swift; path = AuthBackgroundView.swift; sourceTree = "<group>"; };
		03AEB0022FC8000100545ACD /* AuthErrorBanner.swift */ = {isa = PBXFileReference; lastKnownFileType = sourcecode.swift; path = AuthErrorBanner.swift; sourceTree = "<group>"; };
		03AFV0022FC8000100545ACD /* AuthFlowView.swift */ = {isa = PBXFileReference; lastKnownFileType = sourcecode.swift; path = AuthFlowView.swift; sourceTree = "<group>"; };
		03AHV0022FC8000100545ACD /* AuthHeaderView.swift */ = {isa = PBXFileReference; lastKnownFileType = sourcecode.swift; path = AuthHeaderView.swift; sourceTree = "<group>"; };
		03AJV0022FC3000100545ACD /* AddJobView.swift */ = {isa = PBXFileReference; lastKnownFileType = sourcecode.swift; path = AddJobView.swift; sourceTree = "<group>"; };
		03AJL0022FC3000100545ACD /* AddJobLayout.swift */ = {isa = PBXFileReference; lastKnownFileType = sourcecode.swift; path = AddJobLayout.swift; sourceTree = "<group>"; };
		03ARV0022FC3000100545ACD /* AddResumeView.swift */ = {isa = PBXFileReference; lastKnownFileType = sourcecode.swift; path = AddResumeView.swift; sourceTree = "<group>"; };
		03AUTH0022FC3000100545ACD /* AuthService.swift */ = {isa = PBXFileReference; lastKnownFileType = sourcecode.swift; path = AuthService.swift; sourceTree = "<group>"; };
		03AVT0022FC3000100545ACD /* AuthViewModelTests.swift */ = {isa = PBXFileReference; lastKnownFileType = sourcecode.swift; path = AuthViewModelTests.swift; sourceTree = "<group>"; };
		03BEA1352FB91253000D36C9 /* JobMatchTests.xctest */ = {isa = PBXFileReference; explicitFileType = wrapper.cfbundle; includeInIndex = 0; path = JobMatchTests.xctest; sourceTree = BUILT_PRODUCTS_DIR; };
		03BEA1442FB9129F000D36C9 /* Info.plist */ = {isa = PBXFileReference; lastKnownFileType = text.plist.xml; path = Info.plist; sourceTree = "<group>"; };
		03BEA1452FB9129F000D36C9 /* Base */ = {isa = PBXFileReference; lastKnownFileType = file.storyboard; name = Base; path = Base.lproj/MainInterface.storyboard; sourceTree = "<group>"; };
		03BEA1472FB9129F000D36C9 /* MatchFlowShare.entitlements */ = {isa = PBXFileReference; lastKnownFileType = text.plist.entitlements; path = MatchFlowShare.entitlements; sourceTree = "<group>"; };
		03BEA1482FB9129F000D36C9 /* ShareViewController.swift */ = {isa = PBXFileReference; lastKnownFileType = sourcecode.swift; path = ShareViewController.swift; sourceTree = "<group>"; };
		03BEA1532FB912A9000D36C9 /* JobMatchTests.swift */ = {isa = PBXFileReference; lastKnownFileType = sourcecode.swift; path = JobMatchTests.swift; sourceTree = "<group>"; };
		03BEA1562FB9310C000D36C9 /* MockJobService.swift */ = {isa = PBXFileReference; lastKnownFileType = sourcecode.swift; path = MockJobService.swift; sourceTree = "<group>"; };
		03BEA1582FB9319F000D36C9 /* Job+Mock.swift */ = {isa = PBXFileReference; lastKnownFileType = sourcecode.swift; path = "Job+Mock.swift"; sourceTree = "<group>"; };
		03BEA15A2FBA29D9000D36C9 /* DashboardViewModelTests.swift */ = {isa = PBXFileReference; lastKnownFileType = sourcecode.swift; path = DashboardViewModelTests.swift; sourceTree = "<group>"; };
		03BEA15C2FBA2B2F000D36C9 /* AIServiceTests.swift */ = {isa = PBXFileReference; lastKnownFileType = sourcecode.swift; path = AIServiceTests.swift; sourceTree = "<group>"; };
		03BEA15E2FBA2C74000D36C9 /* JobsViewModelTests.swift */ = {isa = PBXFileReference; lastKnownFileType = sourcecode.swift; path = JobsViewModelTests.swift; sourceTree = "<group>"; };
		03AJT0022FC3000100545ACD /* AddJobValidationTests.swift */ = {isa = PBXFileReference; lastKnownFileType = sourcecode.swift; path = AddJobValidationTests.swift; sourceTree = "<group>"; };
		03BEA1602FBEF694000D36C9 /* GoogleService-Info.plist */ = {isa = PBXFileReference; lastKnownFileType = text.plist.xml; path = "GoogleService-Info.plist"; sourceTree = "<group>"; };
		03CLG0022FCA300100545ACD /* CompanyLogoView.swift */ = {isa = PBXFileReference; lastKnownFileType = sourcecode.swift; path = CompanyLogoView.swift; sourceTree = "<group>"; };
		03CLT0022FCA300100545ACD /* CompanyLogoURLTests.swift */ = {isa = PBXFileReference; lastKnownFileType = sourcecode.swift; path = CompanyLogoURLTests.swift; sourceTree = "<group>"; };
		03CLU0022FCA300100545ACD /* CompanyLogoURL.swift */ = {isa = PBXFileReference; lastKnownFileType = sourcecode.swift; path = CompanyLogoURL.swift; sourceTree = "<group>"; };
		03DKT0022FCA000100545ACD /* View+DismissKeyboardOnTap.swift */ = {isa = PBXFileReference; lastKnownFileType = sourcecode.swift; path = "View+DismissKeyboardOnTap.swift"; sourceTree = "<group>"; };
		03DSB0022FC9000100545ACD /* Button.swift */ = {isa = PBXFileReference; lastKnownFileType = sourcecode.swift; path = Button.swift; sourceTree = "<group>"; };
		03DSBT0022FC9000100545ACD /* DSButton.swift */ = {isa = PBXFileReference; lastKnownFileType = sourcecode.swift; path = DSButton.swift; sourceTree = "<group>"; };
		03DSR0022FC4000100545ACD /* Radius.swift */ = {isa = PBXFileReference; lastKnownFileType = sourcecode.swift; path = Radius.swift; sourceTree = "<group>"; };
		03DSS0022FC4000100545ACD /* Spacing.swift */ = {isa = PBXFileReference; lastKnownFileType = sourcecode.swift; path = Spacing.swift; sourceTree = "<group>"; };
		03DSST0022FC4000100545ACD /* Stroke.swift */ = {isa = PBXFileReference; lastKnownFileType = sourcecode.swift; path = Stroke.swift; sourceTree = "<group>"; };
		03DST0022FC4000100545ACD /* Typography.swift */ = {isa = PBXFileReference; lastKnownFileType = sourcecode.swift; path = Typography.swift; sourceTree = "<group>"; };
		03FL0022FC3000100545ACD /* FlowLayout.swift */ = {isa = PBXFileReference; lastKnownFileType = sourcecode.swift; path = FlowLayout.swift; sourceTree = "<group>"; };
		03FMS0022FC2000100545ACD /* MatchScoreStyle.swift */ = {isa = PBXFileReference; lastKnownFileType = sourcecode.swift; path = MatchScoreStyle.swift; sourceTree = "<group>"; };
		03INA0022FCA400100545ACD /* InsightsAddJobCard.swift */ = {isa = PBXFileReference; lastKnownFileType = sourcecode.swift; path = InsightsAddJobCard.swift; sourceTree = "<group>"; };
		03INH0022FCA400100545ACD /* InsightsHeroView.swift */ = {isa = PBXFileReference; lastKnownFileType = sourcecode.swift; path = InsightsHeroView.swift; sourceTree = "<group>"; };
		03INL0022FCA400100545ACD /* InsightsHeroLayout.swift */ = {isa = PBXFileReference; lastKnownFileType = sourcecode.swift; path = InsightsHeroLayout.swift; sourceTree = "<group>"; };
		03INM0022FCA400100545ACD /* InsightsTopMatchesInsightBanner.swift */ = {isa = PBXFileReference; lastKnownFileType = sourcecode.swift; path = InsightsTopMatchesInsightBanner.swift; sourceTree = "<group>"; };
		03INP0022FCA400100545ACD /* InsightsProgressBadge.swift */ = {isa = PBXFileReference; lastKnownFileType = sourcecode.swift; path = InsightsProgressBadge.swift; sourceTree = "<group>"; };
		03INR0022FCA400100545ACD /* InsightsProgressSection.swift */ = {isa = PBXFileReference; lastKnownFileType = sourcecode.swift; path = InsightsProgressSection.swift; sourceTree = "<group>"; };
		03INS0022FCA400100545ACD /* InsightsMatchSkeletonRow.swift */ = {isa = PBXFileReference; lastKnownFileType = sourcecode.swift; path = InsightsMatchSkeletonRow.swift; sourceTree = "<group>"; };
		03INT0022FC6000100545ACD /* IntroView.swift */ = {isa = PBXFileReference; lastKnownFileType = sourcecode.swift; path = IntroView.swift; sourceTree = "<group>"; };
		03INT0022FCA400100545ACD /* InsightsTopMatchesSection.swift */ = {isa = PBXFileReference; lastKnownFileType = sourcecode.swift; path = InsightsTopMatchesSection.swift; sourceTree = "<group>"; };
		03INV0022FCA400100545ACD /* InsightsView.swift */ = {isa = PBXFileReference; lastKnownFileType = sourcecode.swift; path = InsightsView.swift; sourceTree = "<group>"; };
		03JAB0022FCA200100545ACD /* JobAboutRoleCardView.swift */ = {isa = PBXFileReference; lastKnownFileType = sourcecode.swift; path = JobAboutRoleCardView.swift; sourceTree = "<group>"; };
		03JCL0022FCA200100545ACD /* JobCoverLetterCardView.swift */ = {isa = PBXFileReference; lastKnownFileType = sourcecode.swift; path = JobCoverLetterCardView.swift; sourceTree = "<group>"; };
		03JDH0022FCA200100545ACD /* JobDetailHeaderView.swift */ = {isa = PBXFileReference; lastKnownFileType = sourcecode.swift; path = JobDetailHeaderView.swift; sourceTree = "<group>"; };
		03JDV0022FC3000100545ACD /* JobDetailViewModelTests.swift */ = {isa = PBXFileReference; lastKnownFileType = sourcecode.swift; path = JobDetailViewModelTests.swift; sourceTree = "<group>"; };
		03JES0022FCA100100545ACD /* JobsEmptyStateView.swift */ = {isa = PBXFileReference; lastKnownFileType = sourcecode.swift; path = JobsEmptyStateView.swift; sourceTree = "<group>"; };
		03JMC0022FCA200100545ACD /* JobMatchCardView.swift */ = {isa = PBXFileReference; lastKnownFileType = sourcecode.swift; path = JobMatchCardView.swift; sourceTree = "<group>"; };
		03JRV0022FC3000100545ACD /* JobRowView.swift */ = {isa = PBXFileReference; lastKnownFileType = sourcecode.swift; path = JobRowView.swift; sourceTree = "<group>"; };
		03JSS0022FC3000100545ACD /* JobStatusStyle.swift */ = {isa = PBXFileReference; lastKnownFileType = sourcecode.swift; path = JobStatusStyle.swift; sourceTree = "<group>"; };
		03LGV0022FC7000100545ACD /* LoginView.swift */ = {isa = PBXFileReference; lastKnownFileType = sourcecode.swift; path = LoginView.swift; sourceTree = "<group>"; };
		03MAI0022FCA200100545ACD /* MockAIService.swift */ = {isa = PBXFileReference; lastKnownFileType = sourcecode.swift; path = MockAIService.swift; sourceTree = "<group>"; };
		03MAS0022FC3000100545ACD /* MockAuthService.swift */ = {isa = PBXFileReference; lastKnownFileType = sourcecode.swift; path = MockAuthService.swift; sourceTree = "<group>"; };
		03MBD0022FC2000200545ACD /* MatchBreakdown.swift */ = {isa = PBXFileReference; lastKnownFileType = sourcecode.swift; path = MatchBreakdown.swift; sourceTree = "<group>"; };
		03MBD0042FC2000200545ACD /* MatchBreakdownView.swift */ = {isa = PBXFileReference; lastKnownFileType = sourcecode.swift; path = MatchBreakdownView.swift; sourceTree = "<group>"; };
		03MRS0022FCA200100545ACD /* MockResumeService.swift */ = {isa = PBXFileReference; lastKnownFileType = sourcecode.swift; path = MockResumeService.swift; sourceTree = "<group>"; };
		03MSB0022FC3000100545ACD /* MatchScoreBadge.swift */ = {isa = PBXFileReference; lastKnownFileType = sourcecode.swift; path = MatchScoreBadge.swift; sourceTree = "<group>"; };
		03MST0022FCA200100545ACD /* MatchScoreStyleTests.swift */ = {isa = PBXFileReference; lastKnownFileType = sourcecode.swift; path = MatchScoreStyleTests.swift; sourceTree = "<group>"; };
		03NEV0022FCA000100545ACD /* NotesEditorView.swift */ = {isa = PBXFileReference; lastKnownFileType = sourcecode.swift; path = NotesEditorView.swift; sourceTree = "<group>"; };
		03PEV0022FCA100100545ACD /* ProfileEditView.swift */ = {isa = PBXFileReference; lastKnownFileType = sourcecode.swift; path = ProfileEditView.swift; sourceTree = "<group>"; };
		03PHV0022FCA100100545ACD /* ProfileHeaderView.swift */ = {isa = PBXFileReference; lastKnownFileType = sourcecode.swift; path = ProfileHeaderView.swift; sourceTree = "<group>"; };
		03PRC0022FCA100100545ACD /* ProfileResumeCardView.swift */ = {isa = PBXFileReference; lastKnownFileType = sourcecode.swift; path = ProfileResumeCardView.swift; sourceTree = "<group>"; };
		03PRS0022FCA100100545ACD /* ProfileResumeSection.swift */ = {isa = PBXFileReference; lastKnownFileType = sourcecode.swift; path = ProfileResumeSection.swift; sourceTree = "<group>"; };
		03PUH0022FCA100100545ACD /* ProfileUIHelpers.swift */ = {isa = PBXFileReference; lastKnownFileType = sourcecode.swift; path = ProfileUIHelpers.swift; sourceTree = "<group>"; };
		03RPV0022FCA100100545ACD /* ResumePreviewView.swift */ = {isa = PBXFileReference; lastKnownFileType = sourcecode.swift; path = ResumePreviewView.swift; sourceTree = "<group>"; };
		03RVM0022FCA200100545ACD /* ResumeViewModelTests.swift */ = {isa = PBXFileReference; lastKnownFileType = sourcecode.swift; path = ResumeViewModelTests.swift; sourceTree = "<group>"; };
		03SB0022FC3000100545ACD /* StatusBadge.swift */ = {isa = PBXFileReference; lastKnownFileType = sourcecode.swift; path = StatusBadge.swift; sourceTree = "<group>"; };
		03SBG0022FC6000100545ACD /* SplashBackgroundView.swift */ = {isa = PBXFileReference; lastKnownFileType = sourcecode.swift; path = SplashBackgroundView.swift; sourceTree = "<group>"; };
		03SGV0022FC8000100545ACD /* SignUpView.swift */ = {isa = PBXFileReference; lastKnownFileType = sourcecode.swift; path = SignUpView.swift; sourceTree = "<group>"; };
		03SLG0022FCB000100545ACD /* SplashLogoView.swift */ = {isa = PBXFileReference; lastKnownFileType = sourcecode.swift; path = SplashLogoView.swift; sourceTree = "<group>"; };
		03ST0022FC3000100545ACD /* SkillTag.swift */ = {isa = PBXFileReference; lastKnownFileType = sourcecode.swift; path = SkillTag.swift; sourceTree = "<group>"; };
		03UAC0022FCB000100545ACD /* UnauthenticatedContainer.swift */ = {isa = PBXFileReference; lastKnownFileType = sourcecode.swift; path = UnauthenticatedContainer.swift; sourceTree = "<group>"; };
/* End PBXFileReference section */

/* Begin PBXFrameworksBuildPhase section */
		03A4BA042FAFF68900158FCC /* Frameworks */ = {
			isa = PBXFrameworksBuildPhase;
			buildActionMask = 2147483647;
			files = (
				039DEAA12FC105E8001AEF26 /* FirebaseCore in Frameworks */,
				03A4BA222FAFF87C00158FCC /* Supabase in Frameworks */,
				039DEAA52FC10705001AEF26 /* FirebaseAnalytics in Frameworks */,
			);
			runOnlyForDeploymentPostprocessing = 0;
		};
		03A4BA5A2FB08DBB00158FCC /* Frameworks */ = {
			isa = PBXFrameworksBuildPhase;
			buildActionMask = 2147483647;
			files = (
			);
			runOnlyForDeploymentPostprocessing = 0;
		};
		03BEA1322FB91253000D36C9 /* Frameworks */ = {
			isa = PBXFrameworksBuildPhase;
			buildActionMask = 2147483647;
			files = (
			);
			runOnlyForDeploymentPostprocessing = 0;
		};
/* End PBXFrameworksBuildPhase section */

/* Begin PBXGroup section */
		03A4B9FE2FAFF68900158FCC = {
			isa = PBXGroup;
			children = (
				03A4BA3D2FB07D8C00158FCC /* MatchFlow */,
				03BEA1492FB9129F000D36C9 /* MatchFlowShare */,
				03BEA1542FB912A9000D36C9 /* JobMatchTests */,
				03A4BA202FAFF87C00158FCC /* Frameworks */,
				03A4BA082FAFF68900158FCC /* Products */,
			);
			sourceTree = "<group>";
		};
		03A4BA082FAFF68900158FCC /* Products */ = {
			isa = PBXGroup;
			children = (
				03A4BA072FAFF68900158FCC /* MatchFlow.app */,
				03A4BA5D2FB08DBB00158FCC /* MatchFlowShare.appex */,
				03BEA1352FB91253000D36C9 /* JobMatchTests.xctest */,
			);
			name = Products;
			sourceTree = "<group>";
		};
		03A4BA202FAFF87C00158FCC /* Frameworks */ = {
			isa = PBXGroup;
			children = (
			);
			name = Frameworks;
			sourceTree = "<group>";
		};
		03A4BA382FB07D8C00158FCC /* App */ = {
			isa = PBXGroup;
			children = (
				03A4BA362FB07D8C00158FCC /* MatchFlowApp.swift */,
				03A4BA372FB07D8C00158FCC /* SupabaseConfig.swift */,
				03A4BA572FB08AFB00158FCC /* Secrets.swift */,
				03A4BA772FB0951800158FCC /* MainTabView.swift */,
				03A4BA8B2FB1013900158FCC /* TabSelectionViewModel.swift */,
			);
			path = App;
			sourceTree = "<group>";
		};
		03A4BA3D2FB07D8C00158FCC /* MatchFlow */ = {
			isa = PBXGroup;
			children = (
				039DEAA62FC2F668001AEF26 /* Info.plist */,
				03A4BA6D2FB08E7500158FCC /* MatchFlow.entitlements */,
				03DSG0012FC4000100545ACD /* DesignSystem */,
				03A4BA4C2FB07E5F00158FCC /* Shared */,
				03A4BA4B2FB07E5600158FCC /* Services */,
				03A4BA4A2FB07E4F00158FCC /* Models */,
				03A4BA382FB07D8C00158FCC /* App */,
				03A4BA392FB07D8C00158FCC /* Assets.xcassets */,
				03BEA1602FBEF694000D36C9 /* GoogleService-Info.plist */,
				03A4BA442FB07DBC00158FCC /* Features */,
			);
			path = MatchFlow;
			sourceTree = "<group>";
		};
		03A4BA442FB07DBC00158FCC /* Features */ = {
			isa = PBXGroup;
			children = (
				03SPG0012FC5000100545ACD /* Splash */,
				03INTG012FC6000100545ACD /* Intro */,
				03FSH0012FC3000100545ACD /* Shared */,
				03A4BA492FB07E2D00158FCC /* Insights */,
				03A4BA482FB07E2500158FCC /* Resume */,
				03A4BA472FB07E0200158FCC /* Jobs */,
				03A4BA462FB07DF600158FCC /* Dashboard */,
				03A4BA452FB07DD600158FCC /* Auth */,
			);
			path = Features;
			sourceTree = "<group>";
		};
		03A4BA452FB07DD600158FCC /* Auth */ = {
			isa = PBXGroup;
			children = (
				03LGV0022FC7000100545ACD /* LoginView.swift */,
				03SGV0022FC8000100545ACD /* SignUpView.swift */,
				03AFV0022FC8000100545ACD /* AuthFlowView.swift */,
				03A4BA3B2FB07D8C00158FCC /* AuthViewModel.swift */,
			);
			path = Auth;
			sourceTree = "<group>";
		};
		03A4BA462FB07DF600158FCC /* Dashboard */ = {
			isa = PBXGroup;
			children = (
				03A4BA8D2FB1016A00158FCC /* DashboardViewModel.swift */,
			);
			path = Dashboard;
			sourceTree = "<group>";
		};
		03A4BA472FB07E0200158FCC /* Jobs */ = {
			isa = PBXGroup;
			children = (
				03A4BA6F2FB0905400158FCC /* JobsViewModel.swift */,
				03A4BA712FB090A900158FCC /* JobsView.swift */,
				03JES0022FCA100100545ACD /* JobsEmptyStateView.swift */,
				03JDH0022FCA200100545ACD /* JobDetailHeaderView.swift */,
				03JMC0022FCA200100545ACD /* JobMatchCardView.swift */,
				03JAB0022FCA200100545ACD /* JobAboutRoleCardView.swift */,
				03JCL0022FCA200100545ACD /* JobCoverLetterCardView.swift */,
				03AJV0022FC3000100545ACD /* AddJobView.swift */,
				03AJL0022FC3000100545ACD /* AddJobLayout.swift */,
				03JRV0022FC3000100545ACD /* JobRowView.swift */,
				03A4BA792FB0AC6100158FCC /* JobDetailViewModel.swift */,
				03A4BA7B2FB0AC7C00158FCC /* JobDetailView.swift */,
				03NEV0022FCA000100545ACD /* NotesEditorView.swift */,
				03MBD0042FC2000200545ACD /* MatchBreakdownView.swift */,
				037F36232FB3DC0100545ACD /* CoverLetterView.swift */,
			);
			path = Jobs;
			sourceTree = "<group>";
		};
		03A4BA482FB07E2500158FCC /* Resume */ = {
			isa = PBXGroup;
			children = (
				03A4BA732FB0937500158FCC /* ResumeViewModel.swift */,
				03A4BA752FB093DD00158FCC /* ResumeView.swift */,
				03ARV0022FC3000100545ACD /* AddResumeView.swift */,
				03PEV0022FCA100100545ACD /* ProfileEditView.swift */,
				03PUH0022FCA100100545ACD /* ProfileUIHelpers.swift */,
				03PHV0022FCA100100545ACD /* ProfileHeaderView.swift */,
				03PRC0022FCA100100545ACD /* ProfileResumeCardView.swift */,
				03PRS0022FCA100100545ACD /* ProfileResumeSection.swift */,
				03RPV0022FCA100100545ACD /* ResumePreviewView.swift */,
				0305E1E32FB31DCD004E9832 /* ProfileViewModel.swift */,
			);
			path = Resume;
			sourceTree = "<group>";
		};
		03A4BA492FB07E2D00158FCC /* Insights */ = {
			isa = PBXGroup;
			children = (
				03INV0022FCA400100545ACD /* InsightsView.swift */,
				03INH0022FCA400100545ACD /* InsightsHeroView.swift */,
				03INL0022FCA400100545ACD /* InsightsHeroLayout.swift */,
				03INA0022FCA400100545ACD /* InsightsAddJobCard.swift */,
				03INS0022FCA400100545ACD /* InsightsMatchSkeletonRow.swift */,
				03INP0022FCA400100545ACD /* InsightsProgressBadge.swift */,
				03INR0022FCA400100545ACD /* InsightsProgressSection.swift */,
				03INT0022FCA400100545ACD /* InsightsTopMatchesSection.swift */,
				03INM0022FCA400100545ACD /* InsightsTopMatchesInsightBanner.swift */,
			);
			path = Insights;
			sourceTree = "<group>";
		};
		03A4BA4A2FB07E4F00158FCC /* Models */ = {
			isa = PBXGroup;
			children = (
				03A4BA4D2FB07EC200158FCC /* Job.swift */,
				03MBD0022FC2000200545ACD /* MatchBreakdown.swift */,
				03A4BA4F2FB07EE700158FCC /* Resume.swift */,
				0305E1DF2FB31D17004E9832 /* UserProfile.swift */,
			);
			path = Models;
			sourceTree = "<group>";
		};
		03A4BA4B2FB07E5600158FCC /* Services */ = {
			isa = PBXGroup;
			children = (
				03AUTH0022FC3000100545ACD /* AuthService.swift */,
				039DEAA22FC10663001AEF26 /* AnalyticsService.swift */,
				03A4BA512FB07F5F00158FCC /* JobService.swift */,
				03A4BA532FB07F8D00158FCC /* ResumeService.swift */,
				03A4BA552FB089AC00158FCC /* AIService.swift */,
				0305E1E12FB31D6D004E9832 /* ProfileService.swift */,
			);
			path = Services;
			sourceTree = "<group>";
		};
		03A4BA4C2FB07E5F00158FCC /* Shared */ = {
			isa = PBXGroup;
			children = (
			);
			path = Shared;
			sourceTree = "<group>";
		};
		03BEA1492FB9129F000D36C9 /* MatchFlowShare */ = {
			isa = PBXGroup;
			children = (
				03BEA1442FB9129F000D36C9 /* Info.plist */,
				03BEA1462FB9129F000D36C9 /* MainInterface.storyboard */,
				03BEA1472FB9129F000D36C9 /* MatchFlowShare.entitlements */,
				03BEA1482FB9129F000D36C9 /* ShareViewController.swift */,
			);
			path = MatchFlowShare;
			sourceTree = "<group>";
		};
		03BEA14D2FB912A9000D36C9 /* Fixtures */ = {
			isa = PBXGroup;
			children = (
				03BEA1582FB9319F000D36C9 /* Job+Mock.swift */,
			);
			path = Fixtures;
			sourceTree = "<group>";
		};
		03BEA14E2FB912A9000D36C9 /* Mocks */ = {
			isa = PBXGroup;
			children = (
				03BEA1562FB9310C000D36C9 /* MockJobService.swift */,
				03MAI0022FCA200100545ACD /* MockAIService.swift */,
				03MRS0022FCA200100545ACD /* MockResumeService.swift */,
				03MAS0022FC3000100545ACD /* MockAuthService.swift */,
			);
			path = Mocks;
			sourceTree = "<group>";
		};
		03BEA14F2FB912A9000D36C9 /* Models */ = {
			isa = PBXGroup;
			children = (
			);
			path = Models;
			sourceTree = "<group>";
		};
		03BEA1502FB912A9000D36C9 /* Services */ = {
			isa = PBXGroup;
			children = (
				03BEA15C2FBA2B2F000D36C9 /* AIServiceTests.swift */,
			);
			path = Services;
			sourceTree = "<group>";
		};
		03BEA1512FB912A9000D36C9 /* ViewModels */ = {
			isa = PBXGroup;
			children = (
				03BEA15E2FBA2C74000D36C9 /* JobsViewModelTests.swift */,
				03BEA15A2FBA29D9000D36C9 /* DashboardViewModelTests.swift */,
				03AVT0022FC3000100545ACD /* AuthViewModelTests.swift */,
				03JDV0022FC3000100545ACD /* JobDetailViewModelTests.swift */,
				03RVM0022FCA200100545ACD /* ResumeViewModelTests.swift */,
			);
			path = ViewModels;
			sourceTree = "<group>";
		};
		03BEA1522FB912A9000D36C9 /* Unit */ = {
			isa = PBXGroup;
			children = (
				03BEA14F2FB912A9000D36C9 /* Models */,
				03BEA1502FB912A9000D36C9 /* Services */,
				03BEA1512FB912A9000D36C9 /* ViewModels */,
				03MST0022FCA200100545ACD /* MatchScoreStyleTests.swift */,
				03AJT0022FC3000100545ACD /* AddJobValidationTests.swift */,
				03CLT0022FCA300100545ACD /* CompanyLogoURLTests.swift */,
			);
			path = Unit;
			sourceTree = "<group>";
		};
		03BEA1542FB912A9000D36C9 /* JobMatchTests */ = {
			isa = PBXGroup;
			children = (
				03BEA14D2FB912A9000D36C9 /* Fixtures */,
				03BEA14E2FB912A9000D36C9 /* Mocks */,
				03BEA1522FB912A9000D36C9 /* Unit */,
				03BEA1532FB912A9000D36C9 /* JobMatchTests.swift */,
			);
			path = JobMatchTests;
			sourceTree = "<group>";
		};
		03DSG0012FC4000100545ACD /* DesignSystem */ = {
			isa = PBXGroup;
			children = (
				03DSS0022FC4000100545ACD /* Spacing.swift */,
				03DSR0022FC4000100545ACD /* Radius.swift */,
				03DSST0022FC4000100545ACD /* Stroke.swift */,
				03DST0022FC4000100545ACD /* Typography.swift */,
				03DSB0022FC9000100545ACD /* Button.swift */,
			);
			path = DesignSystem;
			sourceTree = "<group>";
		};
		03FSH0012FC3000100545ACD /* Shared */ = {
			isa = PBXGroup;
			children = (
				03JSS0022FC3000100545ACD /* JobStatusStyle.swift */,
				03FMS0022FC2000100545ACD /* MatchScoreStyle.swift */,
				03SB0022FC3000100545ACD /* StatusBadge.swift */,
				03MSB0022FC3000100545ACD /* MatchScoreBadge.swift */,
				03ST0022FC3000100545ACD /* SkillTag.swift */,
				03CLG0022FCA300100545ACD /* CompanyLogoView.swift */,
				03CLU0022FCA300100545ACD /* CompanyLogoURL.swift */,
				03FL0022FC3000100545ACD /* FlowLayout.swift */,
				03SBG0022FC6000100545ACD /* SplashBackgroundView.swift */,
				03ABG0022FC7000100545ACD /* AuthBackgroundView.swift */,
				03AEB0022FC8000100545ACD /* AuthErrorBanner.swift */,
				03AHV0022FC8000100545ACD /* AuthHeaderView.swift */,
				03DKT0022FCA000100545ACD /* View+DismissKeyboardOnTap.swift */,
				03DSBT0022FC9000100545ACD /* DSButton.swift */,
			);
			path = Shared;
			sourceTree = "<group>";
		};
		03INTG012FC6000100545ACD /* Intro */ = {
			isa = PBXGroup;
			children = (
				03INT0022FC6000100545ACD /* IntroView.swift */,
			);
			path = Intro;
			sourceTree = "<group>";
		};
		03SPG0012FC5000100545ACD /* Splash */ = {
			isa = PBXGroup;
			children = (
				03SLG0022FCB000100545ACD /* SplashLogoView.swift */,
				03UAC0022FCB000100545ACD /* UnauthenticatedContainer.swift */,
			);
			path = Splash;
			sourceTree = "<group>";
		};
/* End PBXGroup section */

/* Begin PBXNativeTarget section */
		03A4BA062FAFF68900158FCC /* MatchFlow */ = {
			isa = PBXNativeTarget;
			buildConfigurationList = 03A4BA122FAFF68B00158FCC /* Build configuration list for PBXNativeTarget "MatchFlow" */;
			buildPhases = (
				03A4BA032FAFF68900158FCC /* Sources */,
				03A4BA042FAFF68900158FCC /* Frameworks */,
				03A4BA052FAFF68900158FCC /* Resources */,
				03A4BA6C2FB08DBB00158FCC /* Embed Foundation Extensions */,
			);
			buildRules = (
			);
			dependencies = (
				03A4BA662FB08DBB00158FCC /* PBXTargetDependency */,
			);
			name = MatchFlow;
			packageProductDependencies = (
				03A4BA212FAFF87C00158FCC /* Supabase */,
				039DEAA02FC105E8001AEF26 /* FirebaseCore */,
				039DEAA42FC10705001AEF26 /* FirebaseAnalytics */,
			);
			productName = MatchFlow;
			productReference = 03A4BA072FAFF68900158FCC /* MatchFlow.app */;
			productType = "com.apple.product-type.application";
		};
		03A4BA5C2FB08DBB00158FCC /* MatchFlowShare */ = {
			isa = PBXNativeTarget;
			buildConfigurationList = 03A4BA692FB08DBB00158FCC /* Build configuration list for PBXNativeTarget "MatchFlowShare" */;
			buildPhases = (
				03A4BA592FB08DBB00158FCC /* Sources */,
				03A4BA5A2FB08DBB00158FCC /* Frameworks */,
				03A4BA5B2FB08DBB00158FCC /* Resources */,
			);
			buildRules = (
			);
			dependencies = (
			);
			name = MatchFlowShare;
			packageProductDependencies = (
			);
			productName = MatchFlowShare;
			productReference = 03A4BA5D2FB08DBB00158FCC /* MatchFlowShare.appex */;
			productType = "com.apple.product-type.app-extension";
		};
		03BEA1342FB91253000D36C9 /* JobMatchTests */ = {
			isa = PBXNativeTarget;
			buildConfigurationList = 03BEA13D2FB91254000D36C9 /* Build configuration list for PBXNativeTarget "JobMatchTests" */;
			buildPhases = (
				03BEA1312FB91253000D36C9 /* Sources */,
				03BEA1322FB91253000D36C9 /* Frameworks */,
				03BEA1332FB91253000D36C9 /* Resources */,
			);
			buildRules = (
			);
			dependencies = (
				03BEA13A2FB91253000D36C9 /* PBXTargetDependency */,
			);
			name = JobMatchTests;
			packageProductDependencies = (
			);
			productName = JobMatchTests;
			productReference = 03BEA1352FB91253000D36C9 /* JobMatchTests.xctest */;
			productType = "com.apple.product-type.bundle.unit-test";
		};
/* End PBXNativeTarget section */

/* Begin PBXProject section */
		03A4B9FF2FAFF68900158FCC /* Project object */ = {
			isa = PBXProject;
			attributes = {
				BuildIndependentTargetsInParallel = 1;
				LastSwiftUpdateCheck = 2650;
				LastUpgradeCheck = 2640;
				TargetAttributes = {
					03A4BA062FAFF68900158FCC = {
						CreatedOnToolsVersion = 26.4.1;
					};
					03A4BA5C2FB08DBB00158FCC = {
						CreatedOnToolsVersion = 26.4.1;
					};
					03BEA1342FB91253000D36C9 = {
						CreatedOnToolsVersion = 26.5;
						TestTargetID = 03A4BA062FAFF68900158FCC;
					};
				};
			};
			buildConfigurationList = 03A4BA022FAFF68900158FCC /* Build configuration list for PBXProject "MatchFlow" */;
			developmentRegion = en;
			hasScannedForEncodings = 0;
			knownRegions = (
				en,
				Base,
			);
			mainGroup = 03A4B9FE2FAFF68900158FCC;
			minimizedProjectReferenceProxies = 1;
			packageReferences = (
				03A4BA152FAFF72D00158FCC /* XCRemoteSwiftPackageReference "supabase-swift" */,
				03BEA1622FBEF7EE000D36C9 /* XCRemoteSwiftPackageReference "firebase-ios-sdk" */,
			);
			preferredProjectObjectVersion = 77;
			productRefGroup = 03A4BA082FAFF68900158FCC /* Products */;
			projectDirPath = "";
			projectRoot = "";
			targets = (
				03A4BA062FAFF68900158FCC /* MatchFlow */,
				03A4BA5C2FB08DBB00158FCC /* MatchFlowShare */,
				03BEA1342FB91253000D36C9 /* JobMatchTests */,
			);
		};
/* End PBXProject section */

/* Begin PBXResourcesBuildPhase section */
		03A4BA052FAFF68900158FCC /* Resources */ = {
			isa = PBXResourcesBuildPhase;
			buildActionMask = 2147483647;
			files = (
				03A4BA432FB07D8C00158FCC /* Assets.xcassets in Resources */,
				03BEA1612FBEF695000D36C9 /* GoogleService-Info.plist in Resources */,
			);
			runOnlyForDeploymentPostprocessing = 0;
		};
		03A4BA5B2FB08DBB00158FCC /* Resources */ = {
			isa = PBXResourcesBuildPhase;
			buildActionMask = 2147483647;
			files = (
				03BEA14B2FB9129F000D36C9 /* MainInterface.storyboard in Resources */,
			);
			runOnlyForDeploymentPostprocessing = 0;
		};
		03BEA1332FB91253000D36C9 /* Resources */ = {
			isa = PBXResourcesBuildPhase;
			buildActionMask = 2147483647;
			files = (
			);
			runOnlyForDeploymentPostprocessing = 0;
		};
/* End PBXResourcesBuildPhase section */

/* Begin PBXSourcesBuildPhase section */
		03A4BA032FAFF68900158FCC /* Sources */ = {
			isa = PBXSourcesBuildPhase;
			buildActionMask = 2147483647;
			files = (
				03A4BA542FB07F8D00158FCC /* ResumeService.swift in Sources */,
				03A4BA582FB08AFB00158FCC /* Secrets.swift in Sources */,
				0305E1E02FB31D17004E9832 /* UserProfile.swift in Sources */,
				03A4BA722FB090A900158FCC /* JobsView.swift in Sources */,
				03JES0012FCA100100545ACD /* JobsEmptyStateView.swift in Sources */,
				03JDH0012FCA200100545ACD /* JobDetailHeaderView.swift in Sources */,
				03JMC0012FCA200100545ACD /* JobMatchCardView.swift in Sources */,
				03JAB0012FCA200100545ACD /* JobAboutRoleCardView.swift in Sources */,
				03JCL0012FCA200100545ACD /* JobCoverLetterCardView.swift in Sources */,
				03A4BA562FB089AC00158FCC /* AIService.swift in Sources */,
				03A4BA8E2FB1016A00158FCC /* DashboardViewModel.swift in Sources */,
				03INV0012FCA400100545ACD /* InsightsView.swift in Sources */,
				03INH0012FCA400100545ACD /* InsightsHeroView.swift in Sources */,
				03INL0012FCA400100545ACD /* InsightsHeroLayout.swift in Sources */,
				03INA0012FCA400100545ACD /* InsightsAddJobCard.swift in Sources */,
				03INS0012FCA400100545ACD /* InsightsMatchSkeletonRow.swift in Sources */,
				03INP0012FCA400100545ACD /* InsightsProgressBadge.swift in Sources */,
				03INR0012FCA400100545ACD /* InsightsProgressSection.swift in Sources */,
				03INT0012FCA400100545ACD /* InsightsTopMatchesSection.swift in Sources */,
				03INM0012FCA400100545ACD /* InsightsTopMatchesInsightBanner.swift in Sources */,
				03A4BA702FB0905400158FCC /* JobsViewModel.swift in Sources */,
				03A4BA8C2FB1013900158FCC /* TabSelectionViewModel.swift in Sources */,
				03A4BA7C2FB0AC7C00158FCC /* JobDetailView.swift in Sources */,
				03NEV0012FCA000100545ACD /* NotesEditorView.swift in Sources */,
				03DKT0012FCA000100545ACD /* View+DismissKeyboardOnTap.swift in Sources */,
				03DSS0012FC4000100545ACD /* Spacing.swift in Sources */,
				03DSR0012FC4000100545ACD /* Radius.swift in Sources */,
				03DSST0012FC4000100545ACD /* Stroke.swift in Sources */,
				03DST0012FC4000100545ACD /* Typography.swift in Sources */,
				03DSB0012FC9000100545ACD /* Button.swift in Sources */,
				03DSBT0012FC9000100545ACD /* DSButton.swift in Sources */,
				03SLG0012FCB000100545ACD /* SplashLogoView.swift in Sources */,
				03UAC0012FCB000100545ACD /* UnauthenticatedContainer.swift in Sources */,
				03INT0012FC6000100545ACD /* IntroView.swift in Sources */,
				03SBG0012FC6000100545ACD /* SplashBackgroundView.swift in Sources */,
				03ABG0012FC7000100545ACD /* AuthBackgroundView.swift in Sources */,
				03LGV0012FC7000100545ACD /* LoginView.swift in Sources */,
				03SGV0012FC8000100545ACD /* SignUpView.swift in Sources */,
				03AFV0012FC8000100545ACD /* AuthFlowView.swift in Sources */,
				03AEB0012FC8000100545ACD /* AuthErrorBanner.swift in Sources */,
				03AHV0012FC8000100545ACD /* AuthHeaderView.swift in Sources */,
				03FMS0012FC2000100545ACD /* MatchScoreStyle.swift in Sources */,
				03AUTH0012FC3000100545ACD /* AuthService.swift in Sources */,
				03JSS0012FC3000100545ACD /* JobStatusStyle.swift in Sources */,
				03SB0012FC3000100545ACD /* StatusBadge.swift in Sources */,
				03MSB0012FC3000100545ACD /* MatchScoreBadge.swift in Sources */,
				03ST0012FC3000100545ACD /* SkillTag.swift in Sources */,
				03CLG0012FCA300100545ACD /* CompanyLogoView.swift in Sources */,
				03CLU0012FCA300100545ACD /* CompanyLogoURL.swift in Sources */,
				03FL0012FC3000100545ACD /* FlowLayout.swift in Sources */,
				03AJV0012FC3000100545ACD /* AddJobView.swift in Sources */,
				03AJL0012FC3000100545ACD /* AddJobLayout.swift in Sources */,
				03JRV0012FC3000100545ACD /* JobRowView.swift in Sources */,
				03ARV0012FC3000100545ACD /* AddResumeView.swift in Sources */,
				03PEV0012FCA100100545ACD /* ProfileEditView.swift in Sources */,
				03PUH0012FCA100100545ACD /* ProfileUIHelpers.swift in Sources */,
				03PHV0012FCA100100545ACD /* ProfileHeaderView.swift in Sources */,
				03PRC0012FCA100100545ACD /* ProfileResumeCardView.swift in Sources */,
				03PRS0012FCA100100545ACD /* ProfileResumeSection.swift in Sources */,
				03RPV0012FCA100100545ACD /* ResumePreviewView.swift in Sources */,
				03MBD0012FC2000200545ACD /* MatchBreakdown.swift in Sources */,
				03MBD0032FC2000200545ACD /* MatchBreakdownView.swift in Sources */,
				03A4BA522FB07F5F00158FCC /* JobService.swift in Sources */,
				037F36242FB3DC0100545ACD /* CoverLetterView.swift in Sources */,
				039DEAA32FC10667001AEF26 /* AnalyticsService.swift in Sources */,
				03A4BA502FB07EE700158FCC /* Resume.swift in Sources */,
				03A4BA3E2FB07D8C00158FCC /* MatchFlowApp.swift in Sources */,
				03A4BA3F2FB07D8C00158FCC /* SupabaseConfig.swift in Sources */,
				03A4BA762FB093DD00158FCC /* ResumeView.swift in Sources */,
				0305E1E42FB31DCD004E9832 /* ProfileViewModel.swift in Sources */,
				03A4BA742FB0937500158FCC /* ResumeViewModel.swift in Sources */,
				03A4BA412FB07D8C00158FCC /* AuthViewModel.swift in Sources */,
				03A4BA7A2FB0AC6100158FCC /* JobDetailViewModel.swift in Sources */,
				03A4BA4E2FB07EC200158FCC /* Job.swift in Sources */,
				03A4BA782FB0951800158FCC /* MainTabView.swift in Sources */,
				0305E1E22FB31D6D004E9832 /* ProfileService.swift in Sources */,
			);
			runOnlyForDeploymentPostprocessing = 0;
		};
		03A4BA592FB08DBB00158FCC /* Sources */ = {
			isa = PBXSourcesBuildPhase;
			buildActionMask = 2147483647;
			files = (
				03BEA14C2FB9129F000D36C9 /* ShareViewController.swift in Sources */,
			);
			runOnlyForDeploymentPostprocessing = 0;
		};
		03BEA1312FB91253000D36C9 /* Sources */ = {
			isa = PBXSourcesBuildPhase;
			buildActionMask = 2147483647;
			files = (
				03BEA1552FB912A9000D36C9 /* JobMatchTests.swift in Sources */,
				03BEA1592FB9319F000D36C9 /* Job+Mock.swift in Sources */,
				03BEA15F2FBA2C78000D36C9 /* JobsViewModelTests.swift in Sources */,
				03AJT0012FC3000100545ACD /* AddJobValidationTests.swift in Sources */,
				03BEA1572FB9310C000D36C9 /* MockJobService.swift in Sources */,
				03MAI0012FCA200100545ACD /* MockAIService.swift in Sources */,
				03MRS0012FCA200100545ACD /* MockResumeService.swift in Sources */,
				03BEA15B2FBA29DE000D36C9 /* DashboardViewModelTests.swift in Sources */,
				03BEA15D2FBA2B31000D36C9 /* AIServiceTests.swift in Sources */,
				03MAS0012FC3000100545ACD /* MockAuthService.swift in Sources */,
				03AVT0012FC3000100545ACD /* AuthViewModelTests.swift in Sources */,
				03JDV0012FC3000100545ACD /* JobDetailViewModelTests.swift in Sources */,
				03MST0012FCA200100545ACD /* MatchScoreStyleTests.swift in Sources */,
				03CLT0012FCA300100545ACD /* CompanyLogoURLTests.swift in Sources */,
				03RVM0012FCA200100545ACD /* ResumeViewModelTests.swift in Sources */,
			);
			runOnlyForDeploymentPostprocessing = 0;
		};
/* End PBXSourcesBuildPhase section */

/* Begin PBXTargetDependency section */
		03A4BA662FB08DBB00158FCC /* PBXTargetDependency */ = {
			isa = PBXTargetDependency;
			target = 03A4BA5C2FB08DBB00158FCC /* MatchFlowShare */;
			targetProxy = 03A4BA652FB08DBB00158FCC /* PBXContainerItemProxy */;
		};
		03BEA13A2FB91253000D36C9 /* PBXTargetDependency */ = {
			isa = PBXTargetDependency;
			target = 03A4BA062FAFF68900158FCC /* MatchFlow */;
			targetProxy = 03BEA1392FB91253000D36C9 /* PBXContainerItemProxy */;
		};
/* End PBXTargetDependency section */

/* Begin PBXVariantGroup section */
		03BEA1462FB9129F000D36C9 /* MainInterface.storyboard */ = {
			isa = PBXVariantGroup;
			children = (
				03BEA1452FB9129F000D36C9 /* Base */,
			);
			name = MainInterface.storyboard;
			sourceTree = "<group>";
		};
/* End PBXVariantGroup section */

/* Begin XCBuildConfiguration section */
		03A4BA102FAFF68B00158FCC /* Debug */ = {
			isa = XCBuildConfiguration;
			buildSettings = {
				ALWAYS_SEARCH_USER_PATHS = NO;
				ASSETCATALOG_COMPILER_GENERATE_SWIFT_ASSET_SYMBOL_EXTENSIONS = YES;
				CLANG_ANALYZER_NONNULL = YES;
				CLANG_ANALYZER_NUMBER_OBJECT_CONVERSION = YES_AGGRESSIVE;
				CLANG_CXX_LANGUAGE_STANDARD = "gnu++20";
				CLANG_ENABLE_MODULES = YES;
				CLANG_ENABLE_OBJC_ARC = YES;
				CLANG_ENABLE_OBJC_WEAK = YES;
				CLANG_WARN_BLOCK_CAPTURE_AUTORELEASING = YES;
				CLANG_WARN_BOOL_CONVERSION = YES;
				CLANG_WARN_COMMA = YES;
				CLANG_WARN_CONSTANT_CONVERSION = YES;
				CLANG_WARN_DEPRECATED_OBJC_IMPLEMENTATIONS = YES;
				CLANG_WARN_DIRECT_OBJC_ISA_USAGE = YES_ERROR;
				CLANG_WARN_DOCUMENTATION_COMMENTS = YES;
				CLANG_WARN_EMPTY_BODY = YES;
				CLANG_WARN_ENUM_CONVERSION = YES;
				CLANG_WARN_INFINITE_RECURSION = YES;
				CLANG_WARN_INT_CONVERSION = YES;
				CLANG_WARN_NON_LITERAL_NULL_CONVERSION = YES;
				CLANG_WARN_OBJC_IMPLICIT_RETAIN_SELF = YES;
				CLANG_WARN_OBJC_LITERAL_CONVERSION = YES;
				CLANG_WARN_OBJC_ROOT_CLASS = YES_ERROR;
				CLANG_WARN_QUOTED_INCLUDE_IN_FRAMEWORK_HEADER = YES;
				CLANG_WARN_RANGE_LOOP_ANALYSIS = YES;
				CLANG_WARN_STRICT_PROTOTYPES = YES;
				CLANG_WARN_SUSPICIOUS_MOVE = YES;
				CLANG_WARN_UNGUARDED_AVAILABILITY = YES_AGGRESSIVE;
				CLANG_WARN_UNREACHABLE_CODE = YES;
				CLANG_WARN__DUPLICATE_METHOD_MATCH = YES;
				COPY_PHASE_STRIP = NO;
				DEBUG_INFORMATION_FORMAT = dwarf;
				DEVELOPMENT_TEAM = 2A73GS858T;
				ENABLE_STRICT_OBJC_MSGSEND = YES;
				ENABLE_TESTABILITY = YES;
				ENABLE_USER_SCRIPT_SANDBOXING = YES;
				GCC_C_LANGUAGE_STANDARD = gnu17;
				GCC_DYNAMIC_NO_PIC = NO;
				GCC_NO_COMMON_BLOCKS = YES;
				GCC_OPTIMIZATION_LEVEL = 0;
				GCC_PREPROCESSOR_DEFINITIONS = (
					"DEBUG=1",
					"$(inherited)",
				);
				GCC_WARN_64_TO_32_BIT_CONVERSION = YES;
				GCC_WARN_ABOUT_RETURN_TYPE = YES_ERROR;
				GCC_WARN_UNDECLARED_SELECTOR = YES;
				GCC_WARN_UNINITIALIZED_AUTOS = YES_AGGRESSIVE;
				GCC_WARN_UNUSED_FUNCTION = YES;
				GCC_WARN_UNUSED_VARIABLE = YES;
				IPHONEOS_DEPLOYMENT_TARGET = 26.4;
				LOCALIZATION_PREFERS_STRING_CATALOGS = YES;
				MTL_ENABLE_DEBUG_INFO = INCLUDE_SOURCE;
				MTL_FAST_MATH = YES;
				ONLY_ACTIVE_ARCH = YES;
				SDKROOT = iphoneos;
				SWIFT_ACTIVE_COMPILATION_CONDITIONS = "DEBUG $(inherited)";
				SWIFT_OPTIMIZATION_LEVEL = "-Onone";
			};
			name = Debug;
		};
		03A4BA112FAFF68B00158FCC /* Release */ = {
			isa = XCBuildConfiguration;
			buildSettings = {
				ALWAYS_SEARCH_USER_PATHS = NO;
				ASSETCATALOG_COMPILER_GENERATE_SWIFT_ASSET_SYMBOL_EXTENSIONS = YES;
				CLANG_ANALYZER_NONNULL = YES;
				CLANG_ANALYZER_NUMBER_OBJECT_CONVERSION = YES_AGGRESSIVE;
				CLANG_CXX_LANGUAGE_STANDARD = "gnu++20";
				CLANG_ENABLE_MODULES = YES;
				CLANG_ENABLE_OBJC_ARC = YES;
				CLANG_ENABLE_OBJC_WEAK = YES;
				CLANG_WARN_BLOCK_CAPTURE_AUTORELEASING = YES;
				CLANG_WARN_BOOL_CONVERSION = YES;
				CLANG_WARN_COMMA = YES;
				CLANG_WARN_CONSTANT_CONVERSION = YES;
				CLANG_WARN_DEPRECATED_OBJC_IMPLEMENTATIONS = YES;
				CLANG_WARN_DIRECT_OBJC_ISA_USAGE = YES_ERROR;
				CLANG_WARN_DOCUMENTATION_COMMENTS = YES;
				CLANG_WARN_EMPTY_BODY = YES;
				CLANG_WARN_ENUM_CONVERSION = YES;
				CLANG_WARN_INFINITE_RECURSION = YES;
				CLANG_WARN_INT_CONVERSION = YES;
				CLANG_WARN_NON_LITERAL_NULL_CONVERSION = YES;
				CLANG_WARN_OBJC_IMPLICIT_RETAIN_SELF = YES;
				CLANG_WARN_OBJC_LITERAL_CONVERSION = YES;
				CLANG_WARN_OBJC_ROOT_CLASS = YES_ERROR;
				CLANG_WARN_QUOTED_INCLUDE_IN_FRAMEWORK_HEADER = YES;
				CLANG_WARN_RANGE_LOOP_ANALYSIS = YES;
				CLANG_WARN_STRICT_PROTOTYPES = YES;
				CLANG_WARN_SUSPICIOUS_MOVE = YES;
				CLANG_WARN_UNGUARDED_AVAILABILITY = YES_AGGRESSIVE;
				CLANG_WARN_UNREACHABLE_CODE = YES;
				CLANG_WARN__DUPLICATE_METHOD_MATCH = YES;
				COPY_PHASE_STRIP = NO;
				DEBUG_INFORMATION_FORMAT = "dwarf-with-dsym";
				DEVELOPMENT_TEAM = 2A73GS858T;
				ENABLE_NS_ASSERTIONS = NO;
				ENABLE_STRICT_OBJC_MSGSEND = YES;
				ENABLE_USER_SCRIPT_SANDBOXING = YES;
				GCC_C_LANGUAGE_STANDARD = gnu17;
				GCC_NO_COMMON_BLOCKS = YES;
				GCC_WARN_64_TO_32_BIT_CONVERSION = YES;
				GCC_WARN_ABOUT_RETURN_TYPE = YES_ERROR;
				GCC_WARN_UNDECLARED_SELECTOR = YES;
				GCC_WARN_UNINITIALIZED_AUTOS = YES_AGGRESSIVE;
				GCC_WARN_UNUSED_FUNCTION = YES;
				GCC_WARN_UNUSED_VARIABLE = YES;
				IPHONEOS_DEPLOYMENT_TARGET = 26.4;
				LOCALIZATION_PREFERS_STRING_CATALOGS = YES;
				MTL_ENABLE_DEBUG_INFO = NO;
				MTL_FAST_MATH = YES;
				SDKROOT = iphoneos;
				SWIFT_COMPILATION_MODE = wholemodule;
				VALIDATE_PRODUCT = YES;
			};
			name = Release;
		};
		03A4BA132FAFF68B00158FCC /* Debug */ = {
			isa = XCBuildConfiguration;
			buildSettings = {
				ASSETCATALOG_COMPILER_APPICON_NAME = AppIcon;
				ASSETCATALOG_COMPILER_GLOBAL_ACCENT_COLOR_NAME = AccentColor;
				CODE_SIGN_ENTITLEMENTS = MatchFlow/MatchFlow.entitlements;
				CODE_SIGN_STYLE = Automatic;
				CURRENT_PROJECT_VERSION = 11;
				DEVELOPMENT_TEAM = 2A73GS858T;
				ENABLE_PREVIEWS = YES;
				GENERATE_INFOPLIST_FILE = YES;
				INFOPLIST_FILE = MatchFlow/Info.plist;
				INFOPLIST_KEY_CFBundleDisplayName = JobMatch;
				INFOPLIST_KEY_LSApplicationCategoryType = "public.app-category.business";
				INFOPLIST_KEY_UIApplicationSceneManifest_Generation = YES;
				INFOPLIST_KEY_UIApplicationSupportsIndirectInputEvents = YES;
				INFOPLIST_KEY_UILaunchScreen_Generation = YES;
				INFOPLIST_KEY_UISupportedInterfaceOrientations_iPad = "UIInterfaceOrientationPortrait UIInterfaceOrientationPortraitUpsideDown UIInterfaceOrientationLandscapeLeft UIInterfaceOrientationLandscapeRight";
				INFOPLIST_KEY_UISupportedInterfaceOrientations_iPhone = "UIInterfaceOrientationPortrait UIInterfaceOrientationLandscapeLeft UIInterfaceOrientationLandscapeRight";
				IPHONEOS_DEPLOYMENT_TARGET = 17.6;
				LD_RUNPATH_SEARCH_PATHS = (
					"$(inherited)",
					"@executable_path/Frameworks",
				);
				MARKETING_VERSION = 1.0;
				PRODUCT_BUNDLE_IDENTIFIER = com.asichka.jobmatch;
				PRODUCT_NAME = "$(TARGET_NAME)";
				STRING_CATALOG_GENERATE_SYMBOLS = YES;
				SWIFT_APPROACHABLE_CONCURRENCY = YES;
				SWIFT_DEFAULT_ACTOR_ISOLATION = MainActor;
				SWIFT_EMIT_LOC_STRINGS = YES;
				SWIFT_UPCOMING_FEATURE_MEMBER_IMPORT_VISIBILITY = YES;
				SWIFT_VERSION = 5.0;
				TARGETED_DEVICE_FAMILY = "1,2";
			};
			name = Debug;
		};
		03A4BA142FAFF68B00158FCC /* Release */ = {
			isa = XCBuildConfiguration;
			buildSettings = {
				ASSETCATALOG_COMPILER_APPICON_NAME = AppIcon;
				ASSETCATALOG_COMPILER_GLOBAL_ACCENT_COLOR_NAME = AccentColor;
				CODE_SIGN_ENTITLEMENTS = MatchFlow/MatchFlow.entitlements;
				CODE_SIGN_STYLE = Automatic;
				CURRENT_PROJECT_VERSION = 11;
				DEVELOPMENT_TEAM = 2A73GS858T;
				ENABLE_PREVIEWS = YES;
				GENERATE_INFOPLIST_FILE = YES;
				INFOPLIST_FILE = MatchFlow/Info.plist;
				INFOPLIST_KEY_CFBundleDisplayName = JobMatch;
				INFOPLIST_KEY_LSApplicationCategoryType = "public.app-category.business";
				INFOPLIST_KEY_UIApplicationSceneManifest_Generation = YES;
				INFOPLIST_KEY_UIApplicationSupportsIndirectInputEvents = YES;
				INFOPLIST_KEY_UILaunchScreen_Generation = YES;
				INFOPLIST_KEY_UISupportedInterfaceOrientations_iPad = "UIInterfaceOrientationPortrait UIInterfaceOrientationPortraitUpsideDown UIInterfaceOrientationLandscapeLeft UIInterfaceOrientationLandscapeRight";
				INFOPLIST_KEY_UISupportedInterfaceOrientations_iPhone = "UIInterfaceOrientationPortrait UIInterfaceOrientationLandscapeLeft UIInterfaceOrientationLandscapeRight";
				IPHONEOS_DEPLOYMENT_TARGET = 17.6;
				LD_RUNPATH_SEARCH_PATHS = (
					"$(inherited)",
					"@executable_path/Frameworks",
				);
				MARKETING_VERSION = 1.0;
				PRODUCT_BUNDLE_IDENTIFIER = com.asichka.jobmatch;
				PRODUCT_NAME = "$(TARGET_NAME)";
				STRING_CATALOG_GENERATE_SYMBOLS = YES;
				SWIFT_APPROACHABLE_CONCURRENCY = YES;
				SWIFT_DEFAULT_ACTOR_ISOLATION = MainActor;
				SWIFT_EMIT_LOC_STRINGS = YES;
				SWIFT_UPCOMING_FEATURE_MEMBER_IMPORT_VISIBILITY = YES;
				SWIFT_VERSION = 5.0;
				TARGETED_DEVICE_FAMILY = "1,2";
			};
			name = Release;
		};
		03A4BA6A2FB08DBB00158FCC /* Debug */ = {
			isa = XCBuildConfiguration;
			buildSettings = {
				CODE_SIGN_ENTITLEMENTS = MatchFlowShare/MatchFlowShare.entitlements;
				CODE_SIGN_STYLE = Automatic;
				CURRENT_PROJECT_VERSION = 11;
				DEVELOPMENT_TEAM = 2A73GS858T;
				GENERATE_INFOPLIST_FILE = YES;
				INFOPLIST_FILE = MatchFlowShare/Info.plist;
				INFOPLIST_KEY_CFBundleDisplayName = JobMatch;
				INFOPLIST_KEY_NSHumanReadableCopyright = "";
				LD_RUNPATH_SEARCH_PATHS = (
					"$(inherited)",
					"@executable_path/Frameworks",
					"@executable_path/../../Frameworks",
				);
				MARKETING_VERSION = 1.0;
				PRODUCT_BUNDLE_IDENTIFIER = com.asichka.jobmatch.jobmatchShare;
				PRODUCT_NAME = "$(TARGET_NAME)";
				SKIP_INSTALL = YES;
				STRING_CATALOG_GENERATE_SYMBOLS = YES;
				SWIFT_APPROACHABLE_CONCURRENCY = YES;
				SWIFT_EMIT_LOC_STRINGS = YES;
				SWIFT_UPCOMING_FEATURE_MEMBER_IMPORT_VISIBILITY = YES;
				SWIFT_VERSION = 5.0;
				TARGETED_DEVICE_FAMILY = "1,2";
			};
			name = Debug;
		};
		03A4BA6B2FB08DBB00158FCC /* Release */ = {
			isa = XCBuildConfiguration;
			buildSettings = {
				CODE_SIGN_ENTITLEMENTS = MatchFlowShare/MatchFlowShare.entitlements;
				CODE_SIGN_STYLE = Automatic;
				CURRENT_PROJECT_VERSION = 11;
				DEVELOPMENT_TEAM = 2A73GS858T;
				GENERATE_INFOPLIST_FILE = YES;
				INFOPLIST_FILE = MatchFlowShare/Info.plist;
				INFOPLIST_KEY_CFBundleDisplayName = JobMatch;
				INFOPLIST_KEY_NSHumanReadableCopyright = "";
				LD_RUNPATH_SEARCH_PATHS = (
					"$(inherited)",
					"@executable_path/Frameworks",
					"@executable_path/../../Frameworks",
				);
				MARKETING_VERSION = 1.0;
				PRODUCT_BUNDLE_IDENTIFIER = com.asichka.jobmatch.jobmatchShare;
				PRODUCT_NAME = "$(TARGET_NAME)";
				SKIP_INSTALL = YES;
				STRING_CATALOG_GENERATE_SYMBOLS = YES;
				SWIFT_APPROACHABLE_CONCURRENCY = YES;
				SWIFT_EMIT_LOC_STRINGS = YES;
				SWIFT_UPCOMING_FEATURE_MEMBER_IMPORT_VISIBILITY = YES;
				SWIFT_VERSION = 5.0;
				TARGETED_DEVICE_FAMILY = "1,2";
			};
			name = Release;
		};
		03BEA13B2FB91254000D36C9 /* Debug */ = {
			isa = XCBuildConfiguration;
			buildSettings = {
				BUNDLE_LOADER = "$(TEST_HOST)";
				CODE_SIGN_STYLE = Automatic;
				CURRENT_PROJECT_VERSION = 1;
				DEVELOPMENT_TEAM = 2A73GS858T;
				GENERATE_INFOPLIST_FILE = YES;
				IPHONEOS_DEPLOYMENT_TARGET = 26.4;
				MARKETING_VERSION = 1.0;
				PRODUCT_BUNDLE_IDENTIFIER = com.asichka.JobMatchTests;
				PRODUCT_NAME = "$(TARGET_NAME)";
				STRING_CATALOG_GENERATE_SYMBOLS = NO;
				SWIFT_APPROACHABLE_CONCURRENCY = YES;
				SWIFT_EMIT_LOC_STRINGS = NO;
				SWIFT_UPCOMING_FEATURE_MEMBER_IMPORT_VISIBILITY = YES;
				SWIFT_VERSION = 5.0;
				TARGETED_DEVICE_FAMILY = "1,2";
				TEST_HOST = "$(BUILT_PRODUCTS_DIR)/MatchFlow.app/$(BUNDLE_EXECUTABLE_FOLDER_PATH)/MatchFlow";
			};
			name = Debug;
		};
		03BEA13C2FB91254000D36C9 /* Release */ = {
			isa = XCBuildConfiguration;
			buildSettings = {
				BUNDLE_LOADER = "$(TEST_HOST)";
				CODE_SIGN_STYLE = Automatic;
				CURRENT_PROJECT_VERSION = 1;
				DEVELOPMENT_TEAM = 2A73GS858T;
				GENERATE_INFOPLIST_FILE = YES;
				IPHONEOS_DEPLOYMENT_TARGET = 26.4;
				MARKETING_VERSION = 1.0;
				PRODUCT_BUNDLE_IDENTIFIER = com.asichka.JobMatchTests;
				PRODUCT_NAME = "$(TARGET_NAME)";
				STRING_CATALOG_GENERATE_SYMBOLS = NO;
				SWIFT_APPROACHABLE_CONCURRENCY = YES;
				SWIFT_EMIT_LOC_STRINGS = NO;
				SWIFT_UPCOMING_FEATURE_MEMBER_IMPORT_VISIBILITY = YES;
				SWIFT_VERSION = 5.0;
				TARGETED_DEVICE_FAMILY = "1,2";
				TEST_HOST = "$(BUILT_PRODUCTS_DIR)/MatchFlow.app/$(BUNDLE_EXECUTABLE_FOLDER_PATH)/MatchFlow";
			};
			name = Release;
		};
/* End XCBuildConfiguration section */

/* Begin XCConfigurationList section */
		03A4BA022FAFF68900158FCC /* Build configuration list for PBXProject "MatchFlow" */ = {
			isa = XCConfigurationList;
			buildConfigurations = (
				03A4BA102FAFF68B00158FCC /* Debug */,
				03A4BA112FAFF68B00158FCC /* Release */,
			);
			defaultConfigurationIsVisible = 0;
			defaultConfigurationName = Release;
		};
		03A4BA122FAFF68B00158FCC /* Build configuration list for PBXNativeTarget "MatchFlow" */ = {
			isa = XCConfigurationList;
			buildConfigurations = (
				03A4BA132FAFF68B00158FCC /* Debug */,
				03A4BA142FAFF68B00158FCC /* Release */,
			);
			defaultConfigurationIsVisible = 0;
			defaultConfigurationName = Release;
		};
		03A4BA692FB08DBB00158FCC /* Build configuration list for PBXNativeTarget "MatchFlowShare" */ = {
			isa = XCConfigurationList;
			buildConfigurations = (
				03A4BA6A2FB08DBB00158FCC /* Debug */,
				03A4BA6B2FB08DBB00158FCC /* Release */,
			);
			defaultConfigurationIsVisible = 0;
			defaultConfigurationName = Release;
		};
		03BEA13D2FB91254000D36C9 /* Build configuration list for PBXNativeTarget "JobMatchTests" */ = {
			isa = XCConfigurationList;
			buildConfigurations = (
				03BEA13B2FB91254000D36C9 /* Debug */,
				03BEA13C2FB91254000D36C9 /* Release */,
			);
			defaultConfigurationIsVisible = 0;
			defaultConfigurationName = Release;
		};
/* End XCConfigurationList section */

/* Begin XCRemoteSwiftPackageReference section */
		03A4BA152FAFF72D00158FCC /* XCRemoteSwiftPackageReference "supabase-swift" */ = {
			isa = XCRemoteSwiftPackageReference;
			repositoryURL = "https://github.com/supabase/supabase-swift";
			requirement = {
				kind = upToNextMajorVersion;
				minimumVersion = 2.5.1;
			};
		};
		03BEA1622FBEF7EE000D36C9 /* XCRemoteSwiftPackageReference "firebase-ios-sdk" */ = {
			isa = XCRemoteSwiftPackageReference;
			repositoryURL = "https://github.com/firebase/firebase-ios-sdk";
			requirement = {
				kind = upToNextMajorVersion;
				minimumVersion = 12.13.0;
			};
		};
/* End XCRemoteSwiftPackageReference section */

/* Begin XCSwiftPackageProductDependency section */
		039DEAA02FC105E8001AEF26 /* FirebaseCore */ = {
			isa = XCSwiftPackageProductDependency;
			package = 03BEA1622FBEF7EE000D36C9 /* XCRemoteSwiftPackageReference "firebase-ios-sdk" */;
			productName = FirebaseCore;
		};
		039DEAA42FC10705001AEF26 /* FirebaseAnalytics */ = {
			isa = XCSwiftPackageProductDependency;
			package = 03BEA1622FBEF7EE000D36C9 /* XCRemoteSwiftPackageReference "firebase-ios-sdk" */;
			productName = FirebaseAnalytics;
		};
		03A4BA212FAFF87C00158FCC /* Supabase */ = {
			isa = XCSwiftPackageProductDependency;
			package = 03A4BA152FAFF72D00158FCC /* XCRemoteSwiftPackageReference "supabase-swift" */;
			productName = Supabase;
		};
/* End XCSwiftPackageProductDependency section */
	};
	rootObject = 03A4B9FF2FAFF68900158FCC /* Project object */;
}
